
Microsoft Visual Studio Solution File, Format Version 12.00
# Visual Studio Version 16
VisualStudioVersion = 16.0.33927.289
MinimumVisualStudioVersion = 10.0.40219.1
Project("{2150E333-8FDC-42A3-9474-1A3956D46DE8}") = "Task0", "Task0", "{8E6B7D92-7BE6-41E6-98A2-22EDEF6D1900}"
EndProject
Project("{FAE04EC0-301F-11D3-BF4B-00C04F79EFBC}") = "Tyuiu.AlexandrovaEA.Sprint1.Task0.V1.Lib", "Tyuiu.AlexandrovaEA.Sprint1.Task0.V1.Lib\Tyuiu.AlexandrovaEA.Sprint1.Task0.V1.Lib.csproj", "{A3CC8B02-861C-406A-84D4-205F765E1FF6}"
EndProject
Project("{FAE04EC0-301F-11D3-BF4B-00C04F79EFBC}") = "Tyuiu.AlexandrovaEA.Sprint1.Task0.V1.Test", "Tyuiu.AlexandrovaEA.Sprint1.Task0.V1.Test\Tyuiu.AlexandrovaEA.Sprint1.Task0.V1.Test.csproj", "{E99584DB-F09B-4056-9CAA-4DAA233C1FA4}"
EndProject
Project("{FAE04EC0-301F-11D3-BF4B-00C04F79EFBC}") = "Tyuiu.AlexandrovaEA.Sprint1.Task0.V1", "Tyuiu.AlexandrovaEA.Sprint1.Task0.V1\Tyuiu.AlexandrovaEA.Sprint1.Task0.V1.csproj", "{887C54C6-19AD-4F84-A970-8389453A3552}"
EndProject
Project("{2150E333-8FDC-42A3-9474-1A3956D46DE8}") = "Task1", "Task1", "{77C0DD05-72EF-403A-9629-93B74B288A7A}"
EndProject
Project("{FAE04EC0-301F-11D3-BF4B-00C04F79EFBC}") = "Tyuiu.AlexandrovaEA.Sprint1.Task1.V26", "Tyuiu.AlexandrovaEA.Sprint1.Task1.V26\Tyuiu.AlexandrovaEA.Sprint1.Task1.V26.csproj", "{6780893A-AC06-4EF5-9A74-7E0D7DF547D7}"
EndProject
Project("{FAE04EC0-301F-11D3-BF4B-00C04F79EFBC}") = "Tyuiu.AlexandrovaEA.Sprint1.Task1.V26.Lib", "Tyuiu.AlexandrovaEA.Sprint1.Task1.V26.Lib\Tyuiu.AlexandrovaEA.Sprint1.Task1.V26.Lib.csproj", "{BDB018BC-AE12-488E-B465-474A3A5A25F9}"
EndProject
Project("{FAE04EC0-301F-11D3-BF4B-00C04F79EFBC}") = "Tyuiu.AlexandrovaEA.Sprint1.Task1.V26.Test", "Tyuiu.AlexandrovaEA.Sprint1.Task1.V26.Test\Tyuiu.AlexandrovaEA.Sprint1.Task1.V26.Test.csproj", "{03EECE75-1747-45CB-9BC2-BC0342F2D6F7}"
EndProject
Project("{2150E333-8FDC-42A3-9474-1A3956D46DE8}") = "Task2", "Task2", "{34673D01-0E1E-4EC1-9A35-2716F85E631A}"
EndProject
Project("{FAE04EC0-301F-11D3-BF4B-00C04F79EFBC}") = "Tyuiu.AlexandrovaEA.Sprint1.Task2.V28", "Tyuiu.AlexandrovaEA.Sprint1.Task2.V28\Tyuiu.AlexandrovaEA.Sprint1.Task2.V28.csproj", "{F5125924-A937-4ADC-8520-5AC4501BF3CE}"
EndProject
Project("{FAE04EC0-301F-11D3-BF4B-00C04F79EFBC}") = "Tyuiu.AlexandrovaEA.Sprint1.Task2.V28.Lib", "Tyuiu.AlexandrovaEA.Sprint1.Task2.V28.Lib\Tyuiu.AlexandrovaEA.Sprint1.Task2.V28.Lib.csproj", "{F638C033-A733-46F3-A8AF-766EF28AAA13}"
EndProject
Project("{FAE04EC0-301F-11D3-BF4B-00C04F79EFBC}") = "Tyuiu.AlexandrovaEA.Sprint1.Task2.V28.Test", "Tyuiu.AlexandrovaEA.Sprint1.Task2.V28.Test\Tyuiu.AlexandrovaEA.Sprint1.Task2.V28.Test.csproj", "{834398AD-C2A6-4017-9834-8B915CFBB276}"
EndProject
Project("{2150E333-8FDC-42A3-9474-1A3956D46DE8}") = "Task3", "Task3", "{FE8B8AB1-B1B2-4140-A262-79AF981D9ECC}"
EndProject
Project("{FAE04EC0-301F-11D3-BF4B-00C04F79EFBC}") = "Tyuiu.AlexandrovaEA.Sprint1.Task3.V17", "Tyuiu.AlexandrovaEA.Sprint1.Task3.V17\Tyuiu.AlexandrovaEA.Sprint1.Task3.V17.csproj", "{BC2E0629-B5FD-4279-8378-F62D5BA9396B}"
EndProject
Project("{FAE04EC0-301F-11D3-BF4B-00C04F79EFBC}") = "Tyuiu.AlexandrovaEA.Sprint1.Task3.V17.Lib", "Tyuiu.AlexandrovaEA.Sprint1.Task3.V17.Lib\Tyuiu.AlexandrovaEA.Sprint1.Task3.V17.Lib.csproj", "{AACFEAD2-5612-4080-808C-C30A74747AF4}"
EndProject
Project("{FAE04EC0-301F-11D3-BF4B-00C04F79EFBC}") = "Tyuiu.AlexandrovaEA.Sprint1.Task3.V17.Test", "Tyuiu.AlexandrovaEA.Sprint1.Task3.V17.Test\Tyuiu.AlexandrovaEA.Sprint1.Task3.V17.Test.csproj", "{18E42DD0-338E-46DC-8A65-9912B617DD63}"
EndProject
Project("{2150E333-8FDC-42A3-9474-1A3956D46DE8}") = "Task4", "Task4", "{F46CF5D2-ABFE-41EB-9477-7E523E8EF76C}"
EndProject
Project("{FAE04EC0-301F-11D3-BF4B-00C04F79EFBC}") = "Tyuiu.AlexandrovaEA.Sprint1.Task4.V15", "Tyuiu.AlexandrovaEA.Sprint1.Task4.V15\Tyuiu.AlexandrovaEA.Sprint1.Task4.V15.csproj", "{233A4BB3-175E-4B08-BD6E-25ACAD349FF0}"
EndProject
Project("{FAE04EC0-301F-11D3-BF4B-00C04F79EFBC}") = "Tyuiu.AlexandrovaEA.Sprint1.Task4.V15.Lib", "Tyuiu.AlexandrovaEA.Sprint1.Task4.V15.Lib\Tyuiu.AlexandrovaEA.Sprint1.Task4.V15.Lib.csproj", "{E0AD7D5B-5B55-4FB3-97B6-18C31BA10E90}"
EndProject
Project("{FAE04EC0-301F-11D3-BF4B-00C04F79EFBC}") = "Tyuiu.AlexandrovaEA.Sprint1.Task4.V15.Test", "Tyuiu.AlexandrovaEA.Sprint1.Task4.V15.Test\Tyuiu.AlexandrovaEA.Sprint1.Task4.V15.Test.csproj", "{074FA4AC-1733-4667-85CA-D50B90324FAA}"
EndProject
Project("{2150E333-8FDC-42A3-9474-1A3956D46DE8}") = "Task5", "Task5", "{1E37AEA7-91F8-499B-9E6E-FC706EFC6981}"
EndProject
Project("{FAE04EC0-301F-11D3-BF4B-00C04F79EFBC}") = "Tyuiu.AlexandrovaEA.Sprint1.Task5.V6", "Tyuiu.AlexandrovaEA.Sprint1.Task5.V6\Tyuiu.AlexandrovaEA.Sprint1.Task5.V6.csproj", "{CCDEC8B6-F2C8-4A47-A5B3-90B4C9EBF923}"
EndProject
Project("{FAE04EC0-301F-11D3-BF4B-00C04F79EFBC}") = "Tyuiu.AlexandrovaEA.Sprint1.Task5.V6.Lib", "Tyuiu.AlexandrovaEA.Sprint1.Task5.V6.Lib\Tyuiu.AlexandrovaEA.Sprint1.Task5.V6.Lib.csproj", "{FB1587B4-22BF-4E8F-80B2-48386FB9A65D}"
EndProject
Project("{FAE04EC0-301F-11D3-BF4B-00C04F79EFBC}") = "Tyuiu.AlexandrovaEA.Sprint1.Task5.V6.Test", "Tyuiu.AlexandrovaEA.Sprint1.Task5.V6.Test\Tyuiu.AlexandrovaEA.Sprint1.Task5.V6.Test.csproj", "{80460DCA-29F7-400B-9DCA-56BBD76E14CC}"
EndProject
Project("{2150E333-8FDC-42A3-9474-1A3956D46DE8}") = "Task6", "Task6", "{46EE29A0-E618-4AA2-8015-6CF608D5FBBE}"
EndProject
Project("{FAE04EC0-301F-11D3-BF4B-00C04F79EFBC}") = "Tyuiu.AlexandrovaEA.Sprint1.Task6.V13", "Tyuiu.AlexandrovaEA.Sprint1.Task6.V13\Tyuiu.AlexandrovaEA.Sprint1.Task6.V13.csproj", "{B164CAFB-F58A-4F47-80AD-8BCA3AD67744}"
EndProject
Project("{FAE04EC0-301F-11D3-BF4B-00C04F79EFBC}") = "Tyuiu.AlexandrovaEA.Sprint1.Task6.V13.Lib", "Tyuiu.AlexandrovaEA.Sprint1.Task6.V13.Lib\Tyuiu.AlexandrovaEA.Sprint1.Task6.V13.Lib.csproj", "{A7CF416A-66AA-4CF1-AB3F-7B3D1CD4BC03}"
EndProject
Project("{FAE04EC0-301F-11D3-BF4B-00C04F79EFBC}") = "Tyuiu.AlexandrovaEA.Sprint1.Task6.V13.Test", "Tyuiu.AlexandrovaEA.Sprint1.Task6.V13.Test\Tyuiu.AlexandrovaEA.Sprint1.Task6.V13.Test.csproj", "{BD38FFA5-4DF9-4934-B360-D183F490F950}"
EndProject
Project("{2150E333-8FDC-42A3-9474-1A3956D46DE8}") = "Task7", "Task7", "{4F250E12-0DDD-4A9D-ABAE-8A584ACCBB39}"
EndProject
Project("{FAE04EC0-301F-11D3-BF4B-00C04F79EFBC}") = "Tyuiu.AlexandrovaEA.Sprint1.Task7.V18", "Tyuiu.AlexandrovaEA.Sprint1.Task7.V18\Tyuiu.AlexandrovaEA.Sprint1.Task7.V18.csproj", "{C731211C-0828-4E57-9FCB-7369FCE19EC3}"
EndProject
Project("{FAE04EC0-301F-11D3-BF4B-00C04F79EFBC}") = "Tyuiu.AlexandrovaEA.Sprint1.Task7.V18.Lib", "Tyuiu.AlexandrovaEA.Sprint1.Task7.V18.Lib\Tyuiu.AlexandrovaEA.Sprint1.Task7.V18.Lib.csproj", "{C2E186E5-4F1D-404F-AB78-10A74EBEB85A}"
EndProject
Project("{FAE04EC0-301F-11D3-BF4B-00C04F79EFBC}") = "Tyuiu.AlexandrovaEA.Sprint1.Task7.V18.Test", "Tyuiu.AlexandrovaEA.Sprint1.Task7.V18.Test\Tyuiu.AlexandrovaEA.Sprint1.Task7.V18.Test.csproj", "{C7003900-C3C1-44AB-9539-2B1D5F62A457}"
EndProject
Global
	GlobalSection(SolutionConfigurationPlatforms) = preSolution
		Debug|Any CPU = Debug|Any CPU
		Release|Any CPU = Release|Any CPU
	EndGlobalSection
	GlobalSection(ProjectConfigurationPlatforms) = postSolution
		{A3CC8B02-861C-406A-84D4-205F765E1FF6}.Debug|Any CPU.ActiveCfg = Debug|Any CPU
		{A3CC8B02-861C-406A-84D4-205F765E1FF6}.Debug|Any CPU.Build.0 = Debug|Any CPU
		{A3CC8B02-861C-406A-84D4-205F765E1FF6}.Release|Any CPU.ActiveCfg = Release|Any CPU
		{A3CC8B02-861C-406A-84D4-205F765E1FF6}.Release|Any CPU.Build.0 = Release|Any CPU
		{E99584DB-F09B-4056-9CAA-4DAA233C1FA4}.Debug|Any CPU.ActiveCfg = Debug|Any CPU
		{E99584DB-F09B-4056-9CAA-4DAA233C1FA4}.Debug|Any CPU.Build.0 = Debug|Any CPU
		{E99584DB-F09B-4056-9CAA-4DAA233C1FA4}.Release|Any CPU.ActiveCfg = Release|Any CPU
		{E99584DB-F09B-4056-9CAA-4DAA233C1FA4}.Release|Any CPU.Build.0 = Release|Any CPU
		{887C54C6-19AD-4F84-A970-8389453A3552}.Debug|Any CPU.ActiveCfg = Debug|Any CPU
		{887C54C6-19AD-4F84-A970-8389453A3552}.Debug|Any CPU.Build.0 = Debug|Any CPU
		{887C54C6-19AD-4F84-A970-8389453A3552}.Release|Any CPU.ActiveCfg = Release|Any CPU
		{887C54C6-19AD-4F84-A970-8389453A3552}.Release|Any CPU.Build.0 = Release|Any CPU
		{6780893A-AC06-4EF5-9A74-7E0D7DF547D7}.Debug|Any CPU.ActiveCfg = Debug|Any CPU
		{6780893A-AC06-4EF5-9A74-7E0D7DF547D7}.Debug|Any CPU.Build.0 = Debug|Any CPU
		{6780893A-AC06-4EF5-9A74-7E0D7DF547D7}.Release|Any CPU.ActiveCfg = Release|Any CPU
		{6780893A-AC06-4EF5-9A74-7E0D7DF547D7}.Release|Any CPU.Build.0 = Release|Any CPU
		{BDB018BC-AE12-488E-B465-474A3A5A25F9}.Debug|Any CPU.ActiveCfg = Debug|Any CPU
		{BDB018BC-AE12-488E-B465-474A3A5A25F9}.Debug|Any CPU.Build.0 = Debug|Any CPU
		{BDB018BC-AE12-488E-B465-474A3A5A25F9}.Release|Any CPU.ActiveCfg = Release|Any CPU
		{BDB018BC-AE12-488E-B465-474A3A5A25F9}.Release|Any CPU.Build.0 = Release|Any CPU
		{03EECE75-1747-45CB-9BC2-BC0342F2D6F7}.Debug|Any CPU.ActiveCfg = Debug|Any CPU
		{03EECE75-1747-45CB-9BC2-BC0342F2D6F7}.Debug|Any CPU.Build.0 = Debug|Any CPU
		{03EECE75-1747-45CB-9BC2-BC0342F2D6F7}.Release|Any CPU.ActiveCfg = Release|Any CPU
		{03EECE75-1747-45CB-9BC2-BC0342F2D6F7}.Release|Any CPU.Build.0 = Release|Any CPU
		{F5125924-A937-4ADC-8520-5AC4501BF3CE}.Debug|Any CPU.ActiveCfg = Debug|Any CPU
		{F5125924-A937-4ADC-8520-5AC4501BF3CE}.Debug|Any CPU.Build.0 = Debug|Any CPU
		{F5125924-A937-4ADC-8520-5AC4501BF3CE}.Release|Any CPU.ActiveCfg = Release|Any CPU
		{F5125924-A937-4ADC-8520-5AC4501BF3CE}.Release|Any CPU.Build.0 = Release|Any CPU
		{F638C033-A733-46F3-A8AF-766EF28AAA13}.Debug|Any CPU.ActiveCfg = Debug|Any CPU
		{F638C033-A733-46F3-A8AF-766EF28AAA13}.Debug|Any CPU.Build.0 = Debug|Any CPU
		{F638C033-A733-46F3-A8AF-766EF28AAA13}.Release|Any CPU.ActiveCfg = Release|Any CPU
		{F638C033-A733-46F3-A8AF-766EF28AAA13}.Release|Any CPU.Build.0 = Release|Any CPU
		{834398AD-C2A6-4017-9834-8B915CFBB276}.Debug|Any CPU.ActiveCfg = Debug|Any CPU
		{834398AD-C2A6-4017-9834-8B915CFBB276}.Debug|Any CPU.Build.0 = Debug|Any CPU
		{834398AD-C2A6-4017-9834-8B915CFBB276}.Release|Any CPU.ActiveCfg = Release|Any CPU
		{834398AD-C2A6-4017-9834-8B915CFBB276}.Release|Any CPU.Build.0 = Release|Any CPU
		{BC2E0629-B5FD-4279-8378-F62D5BA9396B}.Debug|Any CPU.ActiveCfg = Debug|Any CPU
		{BC2E0629-B5FD-4279-8378-F62D5BA9396B}.Debug|Any CPU.Build.0 = Debug|Any CPU
		{BC2E0629-B5FD-4279-8378-F62D5BA9396B}.Release|Any CPU.ActiveCfg = Release|Any CPU
		{BC2E0629-B5FD-4279-8378-F62D5BA9396B}.Release|Any CPU.Build.0 = Release|Any CPU
		{AACFEAD2-5612-4080-808C-C30A74747AF4}.Debug|Any CPU.ActiveCfg = Debug|Any CPU
		{AACFEAD2-5612-4080-808C-C30A74747AF4}.Debug|Any CPU.Build.0 = Debug|Any CPU
		{AACFEAD2-5612-4080-808C-C30A74747AF4}.Release|Any CPU.ActiveCfg = Release|Any CPU
		{AACFEAD2-5612-4080-808C-C30A74747AF4}.Release|Any CPU.Build.0 = Release|Any CPU
		{18E42DD0-338E-46DC-8A65-9912B617DD63}.Debug|Any CPU.ActiveCfg = Debug|Any CPU
		{18E42DD0-338E-46DC-8A65-9912B617DD63}.Debug|Any CPU.Build.0 = Debug|Any CPU
		{18E42DD0-338E-46DC-8A65-9912B617DD63}.Release|Any CPU.ActiveCfg = Release|Any CPU
		{18E42DD0-338E-46DC-8A65-9912B617DD63}.Release|Any CPU.Build.0 = Release|Any CPU
		{233A4BB3-175E-4B08-BD6E-25ACAD349FF0}.Debug|Any CPU.ActiveCfg = Debug|Any CPU
		{233A4BB3-175E-4B08-BD6E-25ACAD349FF0}.Debug|Any CPU.Build.0 = Debug|Any CPU
		{233A4BB3-175E-4B08-BD6E-25ACAD349FF0}.Release|Any CPU.ActiveCfg = Release|Any CPU
		{233A4BB3-175E-4B08-BD6E-25ACAD349FF0}.Release|Any CPU.Build.0 = Release|Any CPU
		{E0AD7D5B-5B55-4FB3-97B6-18C31BA10E90}.Debug|Any CPU.ActiveCfg = Debug|Any CPU
		{E0AD7D5B-5B55-4FB3-97B6-18C31BA10E90}.Debug|Any CPU.Build.0 = Debug|Any CPU
		{E0AD7D5B-5B55-4FB3-97B6-18C31BA10E90}.Release|Any CPU.ActiveCfg = Release|Any CPU
		{E0AD7D5B-5B55-4FB3-97B6-18C31BA10E90}.Release|Any CPU.Build.0 = Release|Any CPU
		{074FA4AC-1733-4667-85CA-D50B90324FAA}.Debug|Any CPU.ActiveCfg = Debug|Any CPU
		{074FA4AC-1733-4667-85CA-D50B90324FAA}.Debug|Any CPU.Build.0 = Debug|Any CPU
		{074FA4AC-1733-4667-85CA-D50B90324FAA}.Release|Any CPU.ActiveCfg = Release|Any CPU
		{074FA4AC-1733-4667-85CA-D50B90324FAA}.Release|Any CPU.Build.0 = Release|Any CPU
		{CCDEC8B6-F2C8-4A47-A5B3-90B4C9EBF923}.Debug|Any CPU.ActiveCfg = Debug|Any CPU
		{CCDEC8B6-F2C8-4A47-A5B3-90B4C9EBF923}.Debug|Any CPU.Build.0 = Debug|Any CPU
		{CCDEC8B6-F2C8-4A47-A5B3-90B4C9EBF923}.Release|Any CPU.ActiveCfg = Release|Any CPU
		{CCDEC8B6-F2C8-4A47-A5B3-90B4C9EBF923}.Release|Any CPU.Build.0 = Release|Any CPU
		{FB1587B4-22BF-4E8F-80B2-48386FB9A65D}.Debug|Any CPU.ActiveCfg = Debug|Any CPU
		{FB1587B4-22BF-4E8F-80B2-48386FB9A65D}.Debug|Any CPU.Build.0 = Debug|Any CPU
		{FB1587B4-22BF-4E8F-80B2-48386FB9A65D}.Release|Any CPU.ActiveCfg = Release|Any CPU
		{FB1587B4-22BF-4E8F-80B2-48386FB9A65D}.Release|Any CPU.Build.0 = Release|Any CPU
		{80460DCA-29F7-400B-9DCA-56BBD76E14CC}.Debug|Any CPU.ActiveCfg = Debug|Any CPU
		{80460DCA-29F7-400B-9DCA-56BBD76E14CC}.Debug|Any CPU.Build.0 = Debug|Any CPU
		{80460DCA-29F7-400B-9DCA-56BBD76E14CC}.Release|Any CPU.ActiveCfg = Release|Any CPU
		{80460DCA-29F7-400B-9DCA-56BBD76E14CC}.Release|Any CPU.Build.0 = Release|Any CPU
		{B164CAFB-F58A-4F47-80AD-8BCA3AD67744}.Debug|Any CPU.ActiveCfg = Debug|Any CPU
		{B164CAFB-F58A-4F47-80AD-8BCA3AD67744}.Debug|Any CPU.Build.0 = Debug|Any CPU
		{B164CAFB-F58A-4F47-80AD-8BCA3AD67744}.Release|Any CPU.ActiveCfg = Release|Any CPU
		{B164CAFB-F58A-4F47-80AD-8BCA3AD67744}.Release|Any CPU.Build.0 = Release|Any CPU
		{A7CF416A-66AA-4CF1-AB3F-7B3D1CD4BC03}.Debug|Any CPU.ActiveCfg = Debug|Any CPU
		{A7CF416A-66AA-4CF1-AB3F-7B3D1CD4BC03}.Debug|Any CPU.Build.0 = Debug|Any CPU
		{A7CF416A-66AA-4CF1-AB3F-7B3D1CD4BC03}.Release|Any CPU.ActiveCfg = Release|Any CPU
		{A7CF416A-66AA-4CF1-AB3F-7B3D1CD4BC03}.Release|Any CPU.Build.0 = Release|Any CPU
		{BD38FFA5-4DF9-4934-B360-D183F490F950}.Debug|Any CPU.ActiveCfg = Debug|Any CPU
		{BD38FFA5-4DF9-4934-B360-D183F490F950}.Debug|Any CPU.Build.0 = Debug|Any CPU
		{BD38FFA5-4DF9-4934-B360-D183F490F950}.Release|Any CPU.ActiveCfg = Release|Any CPU
		{BD38FFA5-4DF9-4934-B360-D183F490F950}.Release|Any CPU.Build.0 = Release|Any CPU
		{C731211C-0828-4E57-9FCB-7369FCE19EC3}.Debug|Any CPU.ActiveCfg = Debug|Any CPU
		{C731211C-0828-4E57-9FCB-7369FCE19EC3}.Debug|Any CPU.Build.0 = Debug|Any CPU
		{C731211C-0828-4E57-9FCB-7369FCE19EC3}.Release|Any CPU.ActiveCfg = Release|Any CPU
		{C731211C-0828-4E57-9FCB-7369FCE19EC3}.Release|Any CPU.Build.0 = Release|Any CPU
		{C2E186E5-4F1D-404F-AB78-10A74EBEB85A}.Debug|Any CPU.ActiveCfg = Debug|Any CPU
		{C2E186E5-4F1D-404F-AB78-10A74EBEB85A}.Debug|Any CPU.Build.0 = Debug|Any CPU
		{C2E186E5-4F1D-404F-AB78-10A74EBEB85A}.Release|Any CPU.ActiveCfg = Release|Any CPU
		{C2E186E5-4F1D-404F-AB78-10A74EBEB85A}.Release|Any CPU.Build.0 = Release|Any CPU
		{C7003900-C3C1-44AB-9539-2B1D5F62A457}.Debug|Any CPU.ActiveCfg = Debug|Any CPU
		{C7003900-C3C1-44AB-9539-2B1D5F62A457}.Debug|Any CPU.Build.0 = Debug|Any CPU
		{C7003900-C3C1-44AB-9539-2B1D5F62A457}.Release|Any CPU.ActiveCfg = Release|Any CPU
		{C7003900-C3C1-44AB-9539-2B1D5F62A457}.Release|Any CPU.Build.0 = Release|Any CPU
	EndGlobalSection
	GlobalSection(SolutionProperties) = preSolution
		HideSolutionNode = FALSE
	EndGlobalSection
	GlobalSection(NestedProjects) = preSolution
		{A3CC8B02-861C-406A-84D4-205F765E1FF6} = {8E6B7D92-7BE6-41E6-98A2-22EDEF6D1900}
		{E99584DB-F09B-4056-9CAA-4DAA233C1FA4} = {8E6B7D92-7BE6-41E6-98A2-22EDEF6D1900}
		{887C54C6-19AD-4F84-A970-8389453A3552} = {8E6B7D92-7BE6-41E6-98A2-22EDEF6D1900}
		{6780893A-AC06-4EF5-9A74-7E0D7DF547D7} = {77C0DD05-72EF-403A-9629-93B74B288A7A}
		{BDB018BC-AE12-488E-B465-474A3A5A25F9} = {77C0DD05-72EF-403A-9629-93B74B288A7A}
		{03EECE75-1747-45CB-9BC2-BC0342F2D6F7} = {77C0DD05-72EF-403A-9629-93B74B288A7A}
		{F5125924-A937-4ADC-8520-5AC4501BF3CE} = {34673D01-0E1E-4EC1-9A35-2716F85E631A}
		{F638C033-A733-46F3-A8AF-766EF28AAA13} = {34673D01-0E1E-4EC1-9A35-2716F85E631A}
		{834398AD-C2A6-4017-9834-8B915CFBB276} = {34673D01-0E1E-4EC1-9A35-2716F85E631A}
		{BC2E0629-B5FD-4279-8378-F62D5BA9396B} = {FE8B8AB1-B1B2-4140-A262-79AF981D9ECC}
		{AACFEAD2-5612-4080-808C-C30A74747AF4} = {FE8B8AB1-B1B2-4140-A262-79AF981D9ECC}
		{18E42DD0-338E-46DC-8A65-9912B617DD63} = {FE8B8AB1-B1B2-4140-A262-79AF981D9ECC}
		{233A4BB3-175E-4B08-BD6E-25ACAD349FF0} = {F46CF5D2-ABFE-41EB-9477-7E523E8EF76C}
		{E0AD7D5B-5B55-4FB3-97B6-18C31BA10E90} = {F46CF5D2-ABFE-41EB-9477-7E523E8EF76C}
		{074FA4AC-1733-4667-85CA-D50B90324FAA} = {F46CF5D2-ABFE-41EB-9477-7E523E8EF76C}
		{CCDEC8B6-F2C8-4A47-A5B3-90B4C9EBF923} = {1E37AEA7-91F8-499B-9E6E-FC706EFC6981}
		{FB1587B4-22BF-4E8F-80B2-48386FB9A65D} = {1E37AEA7-91F8-499B-9E6E-FC706EFC6981}
		{80460DCA-29F7-400B-9DCA-56BBD76E14CC} = {1E37AEA7-91F8-499B-9E6E-FC706EFC6981}
		{B164CAFB-F58A-4F47-80AD-8BCA3AD67744} = {46EE29A0-E618-4AA2-8015-6CF608D5FBBE}
		{A7CF416A-66AA-4CF1-AB3F-7B3D1CD4BC03} = {46EE29A0-E618-4AA2-8015-6CF608D5FBBE}
		{BD38FFA5-4DF9-4934-B360-D183F490F950} = {46EE29A0-E618-4AA2-8015-6CF608D5FBBE}
		{C731211C-0828-4E57-9FCB-7369FCE19EC3} = {4F250E12-0DDD-4A9D-ABAE-8A584ACCBB39}
		{C2E186E5-4F1D-404F-AB78-10A74EBEB85A} = {4F250E12-0DDD-4A9D-ABAE-8A584ACCBB39}
		{C7003900-C3C1-44AB-9539-2B1D5F62A457} = {4F250E12-0DDD-4A9D-ABAE-8A584ACCBB39}
	EndGlobalSection
	GlobalSection(ExtensibilityGlobals) = postSolution
		SolutionGuid = {8A97C354-CEE9-4F08-88E2-5190F50F397C}
	EndGlobalSection
EndGlobal
